
Microsoft Visual Studio Solution File, Format Version 12.00
# Visual Studio Version 17
VisualStudioVersion = 17.7.34024.191
MinimumVisualStudioVersion = 10.0.40219.1
Project("{8BC9CEB8-8B4A-11D0-8D11-00A0C91BC942}") = "Pattern_State_Menu", "Pattern_State_Menu.vcxproj", "{4B425C1A-F0EE-4313-916E-FFC28D3062CA}"
EndProject
Global
	GlobalSection(SolutionConfigurationPlatforms) = preSolution
		Debug|x64 = Debug|x64
		Debug|x86 = Debug|x86
		Release|x64 = Release|x64
		Release|x86 = Release|x86
	EndGlobalSection
	GlobalSection(ProjectConfigurationPlatforms) = postSolution
		{4B425C1A-F0EE-4313-916E-FFC28D3062CA}.Debug|x64.ActiveCfg = Debug|x64
		{4B425C1A-F0EE-4313-916E-FFC28D3062CA}.Debug|x64.Build.0 = Debug|x64
		{4B425C1A-F0EE-4313-916E-FFC28D3062CA}.Debug|x86.ActiveCfg = Debug|Win32
		{4B425C1A-F0EE-4313-916E-FFC28D3062CA}.Debug|x86.Build.0 = Debug|Win32
		{4B425C1A-F0EE-4313-916E-FFC28D3062CA}.Release|x64.ActiveCfg = Release|x64
		{4B425C1A-F0EE-4313-916E-FFC28D3062CA}.Release|x64.Build.0 = Release|x64
		{4B425C1A-F0EE-4313-916E-FFC28D3062CA}.Release|x86.ActiveCfg = Release|Win32
		{4B425C1A-F0EE-4313-916E-FFC28D3062CA}.Release|x86.Build.0 = Release|Win32
	EndGlobalSection
	GlobalSection(SolutionProperties) = preSolution
		HideSolutionNode = FALSE
	EndGlobalSection
	GlobalSection(ExtensibilityGlobals) = postSolution
		SolutionGuid = {35F71B08-4943-4468-AC1F-878FC9EBAC36}
	EndGlobalSection
EndGlobal
